
Microsoft Visual Studio Solution File, Format Version 12.00
# Visual Studio 2012
Project("{E24C65DC-7377-472B-9ABA-BC803B73C61A}") = "mobiDevDayPrep", "mobiDevDayPrep\", "{033C803E-29C7-4FF7-9DB5-4C181DDFD615}"
	ProjectSection(WebsiteProperties) = preProject
		TargetFrameworkMoniker = ".NETFramework,Version%3Dv4.5"
		Debug.AspNetCompiler.VirtualPath = "/mobiDevDayPrep"
		Debug.AspNetCompiler.PhysicalPath = "mobiDevDayPrep\"
		Debug.AspNetCompiler.TargetPath = "PrecompiledWeb\mobiDevDayPrep\"
		Debug.AspNetCompiler.Updateable = "true"
		Debug.AspNetCompiler.ForceOverwrite = "true"
		Debug.AspNetCompiler.FixedNames = "false"
		Debug.AspNetCompiler.Debug = "True"
		Release.AspNetCompiler.VirtualPath = "/mobiDevDayPrep"
		Release.AspNetCompiler.PhysicalPath = "mobiDevDayPrep\"
		Release.AspNetCompiler.TargetPath = "PrecompiledWeb\mobiDevDayPrep\"
		Release.AspNetCompiler.Updateable = "true"
		Release.AspNetCompiler.ForceOverwrite = "true"
		Release.AspNetCompiler.FixedNames = "false"
		Release.AspNetCompiler.Debug = "False"
		VWDPort = "30045"
	EndProjectSection
EndProject
Global
	GlobalSection(SolutionConfigurationPlatforms) = preSolution
		Debug|Any CPU = Debug|Any CPU
	EndGlobalSection
	GlobalSection(ProjectConfigurationPlatforms) = postSolution
		{033C803E-29C7-4FF7-9DB5-4C181DDFD615}.Debug|Any CPU.ActiveCfg = Debug|Any CPU
		{033C803E-29C7-4FF7-9DB5-4C181DDFD615}.Debug|Any CPU.Build.0 = Debug|Any CPU
	EndGlobalSection
	GlobalSection(SolutionProperties) = preSolution
		HideSolutionNode = FALSE
	EndGlobalSection
EndGlobal
